// !$*UTF8*$!
{
	archiveVersion = 1;
	classes = {
	};
	objectVersion = 48;
	objects = {

/* Begin PBXBuildFile section */
		01DE6B531FF6304C00F45371 /* AppDelegate.swift in Sources */ = {isa = PBXBuildFile; fileRef = 01DE6B521FF6304C00F45371 /* AppDelegate.swift */; };
		01DE6B551FF6304C00F45371 /* ViewController.swift in Sources */ = {isa = PBXBuildFile; fileRef = 01DE6B541FF6304C00F45371 /* ViewController.swift */; };
		01DE6B581FF6304C00F45371 /* Main.storyboard in Resources */ = {isa = PBXBuildFile; fileRef = 01DE6B561FF6304C00F45371 /* Main.storyboard */; };
		01DE6B5A1FF6304C00F45371 /* Assets.xcassets in Resources */ = {isa = PBXBuildFile; fileRef = 01DE6B591FF6304C00F45371 /* Assets.xcassets */; };
		01DE6B5D1FF6304C00F45371 /* LaunchScreen.storyboard in Resources */ = {isa = PBXBuildFile; fileRef = 01DE6B5B1FF6304C00F45371 /* LaunchScreen.storyboard */; };
/* End PBXBuildFile section */

/* Begin PBXFileReference section */
		01DE6B4F1FF6304C00F45371 /* AppThree.app */ = {isa = PBXFileReference; explicitFileType = wrapper.application; includeInIndex = 0; path = AppThree.app; sourceTree = BUILT_PRODUCTS_DIR; };
		01DE6B521FF6304C00F45371 /* AppDelegate.swift */ = {isa = PBXFileReference; lastKnownFileType = sourcecode.swift; path = AppDelegate.swift; sourceTree = "<group>"; };
		01DE6B541FF6304C00F45371 /* ViewController.swift */ = {isa = PBXFileReference; lastKnownFileType = sourcecode.swift; path = ViewController.swift; sourceTree = "<group>"; };
		01DE6B571FF6304C00F45371 /* Base */ = {isa = PBXFileReference; lastKnownFileType = file.storyboard; name = Base; path = Base.lproj/Main.storyboard; sourceTree = "<group>"; };
		01DE6B591FF6304C00F45371 /* Assets.xcassets */ = {isa = PBXFileReference; lastKnownFileType = folder.assetcatalog; path = Assets.xcassets; sourceTree = "<group>"; };
		01DE6B5C1FF6304C00F45371 /* Base */ = {isa = PBXFileReference; lastKnownFileType = file.storyboard; name = Base; path = Base.lproj/LaunchScreen.storyboard; sourceTree = "<group>"; };
		01DE6B5E1FF6304D00F45371 /* Info.plist */ = {isa = PBXFileReference; lastKnownFileType = text.plist.xml; path = Info.plist; sourceTree = "<group>"; };
/* End PBXFileReference section */

/* Begin PBXFrameworksBuildPhase section */
		01DE6B4C1FF6304C00F45371 /* Frameworks */ = {
			isa = PBXFrameworksBuildPhase;
			buildActionMask = 2147483647;
			files = (
			);
			runOnlyForDeploymentPostprocessing = 0;
		};
/* End PBXFrameworksBuildPhase section */

/* Begin PBXGroup section */
		01DE6B461FF6304C00F45371 = {
			isa = PBXGroup;
			children = (
				01DE6B511FF6304C00F45371 /* AppThree */,
				01DE6B501FF6304C00F45371 /* Products */,
			);
			sourceTree = "<group>";
		};
		01DE6B501FF6304C00F45371 /* Products */ = {
			isa = PBXGroup;
			children = (
				01DE6B4F1FF6304C00F45371 /* AppThree.app */,
			);
			name = Products;
			sourceTree = "<group>";
		};
		01DE6B511FF6304C00F45371 /* AppThree */ = {
			isa = PBXGroup;
			children = (
				01DE6B521FF6304C00F45371 /* AppDelegate.swift */,
				01DE6B541FF6304C00F45371 /* ViewController.swift */,
				01DE6B561FF6304C00F45371 /* Main.storyboard */,
				01DE6B591FF6304C00F45371 /* Assets.xcassets */,
				01DE6B5B1FF6304C00F45371 /* LaunchScreen.storyboard */,
				01DE6B5E1FF6304D00F45371 /* Info.plist */,
			);
			path = AppThree;
			sourceTree = "<group>";
		};
/* End PBXGroup section */

/* Begin PBXNativeTarget section */
		01DE6B4E1FF6304C00F45371 /* AppThree */ = {
			isa = PBXNativeTarget;
			buildConfigurationList = 01DE6B611FF6304D00F45371 /* Build configuration list for PBXNativeTarget "AppThree" */;
			buildPhases = (
				01DE6B4B1FF6304C00F45371 /* Sources */,
				01DE6B4C1FF6304C00F45371 /* Frameworks */,
				01DE6B4D1FF6304C00F45371 /* Resources */,
			);
			buildRules = (
			);
			dependencies = (
			);
			name = AppThree;
			productName = AppThree;
			productReference = 01DE6B4F1FF6304C00F45371 /* AppThree.app */;
			productType = "com.apple.product-type.application";
		};
/* End PBXNativeTarget section */

/* Begin PBXProject section */
		01DE6B471FF6304C00F45371 /* Project object */ = {
			isa = PBXProject;
			attributes = {
				LastSwiftUpdateCheck = 0920;
				LastUpgradeCheck = 0920;
				ORGANIZATIONNAME = "Frank Nguyen";
				TargetAttributes = {
					01DE6B4E1FF6304C00F45371 = {
						CreatedOnToolsVersion = 9.2;
						ProvisioningStyle = Automatic;
					};
				};
			};
			buildConfigurationList = 01DE6B4A1FF6304C00F45371 /* Build configuration list for PBXProject "AppThree" */;
			compatibilityVersion = "Xcode 8.0";
			developmentRegion = en;
			hasScannedForEncodings = 0;
			knownRegions = (
				en,
				Base,
			);
			mainGroup = 01DE6B461FF6304C00F45371;
			productRefGroup = 01DE6B501FF6304C00F45371 /* Products */;
			projectDirPath = "";
			projectRoot = "";
			targets = (
				01DE6B4E1FF6304C00F45371 /* AppThree */,
			);
		};
/* End PBXProject section */

/* Begin PBXResourcesBuildPhase section */
		01DE6B4D1FF6304C00F45371 /* Resources */ = {
			isa = PBXResourcesBuildPhase;
			buildActionMask = 2147483647;
			files = (
				01DE6B5D1FF6304C00F45371 /* LaunchScreen.storyboard in Resources */,
				01DE6B5A1FF6304C00F45371 /* Assets.xcassets in Resources */,
				01DE6B581FF6304C00F45371 /* Main.storyboard in Resources */,
			);
			runOnlyForDeploymentPostprocessing = 0;
		};
/* End PBXResourcesBuildPhase section */

/* Begin PBXSourcesBuildPhase section */
		01DE6B4B1FF6304C00F45371 /* Sources */ = {
			isa = PBXSourcesBuildPhase;
			buildActionMask = 2147483647;
			files = (
				01DE6B551FF6304C00F45371 /* ViewController.swift in Sources */,
				01DE6B531FF6304C00F45371 /* AppDelegate.swift in Sources */,
			);
			runOnlyForDeploymentPostprocessing = 0;
		};
/* End PBXSourcesBuildPhase section */

/* Begin PBXVariantGroup section */
		01DE6B561FF6304C00F45371 /* Main.storyboard */ = {
			isa = PBXVariantGroup;
			children = (
				01DE6B571FF6304C00F45371 /* Base */,
			);
			name = Main.storyboard;
			sourceTree = "<group>";
		};
		01DE6B5B1FF6304C00F45371 /* LaunchScreen.storyboard */ = {
			isa = PBXVariantGroup;
			children = (
				01DE6B5C1FF6304C00F45371 /* Base */,
			);
			name = LaunchScreen.storyboard;
			sourceTree = "<group>";
		};
/* End PBXVariantGroup section */

/* Begin XCBuildConfiguration section */
		01DE6B5F1FF6304D00F45371 /* Debug */ = {
			isa = XCBuildConfiguration;
			buildSettings = {
				ALWAYS_SEARCH_USER_PATHS = NO;
				CLANG_ANALYZER_NONNULL = YES;
				CLANG_ANALYZER_NUMBER_OBJECT_CONVERSION = YES_AGGRESSIVE;
				CLANG_CXX_LANGUAGE_STANDARD = "gnu++14";
				CLANG_CXX_LIBRARY = "libc++";
				CLANG_ENABLE_MODULES = YES;
				CLANG_ENABLE_OBJC_ARC = YES;
				CLANG_WARN_BLOCK_CAPTURE_AUTORELEASING = YES;
				CLANG_WARN_BOOL_CONVERSION = YES;
				CLANG_WARN_COMMA = YES;
				CLANG_WARN_CONSTANT_CONVERSION = YES;
				CLANG_WARN_DIRECT_OBJC_ISA_USAGE = YES_ERROR;
				CLANG_WARN_DOCUMENTATION_COMMENTS = YES;
				CLANG_WARN_EMPTY_BODY = YES;
				CLANG_WARN_ENUM_CONVERSION = YES;
				CLANG_WARN_INFINITE_RECURSION = YES;
				CLANG_WARN_INT_CONVERSION = YES;
				CLANG_WARN_NON_LITERAL_NULL_CONVERSION = YES;
				CLANG_WARN_OBJC_LITERAL_CONVERSION = YES;
				CLANG_WARN_OBJC_ROOT_CLASS = YES_ERROR;
				CLANG_WARN_RANGE_LOOP_ANALYSIS = YES;
				CLANG_WARN_STRICT_PROTOTYPES = YES;
				CLANG_WARN_SUSPICIOUS_MOVE = YES;
				CLANG_WARN_UNGUARDED_AVAILABILITY = YES_AGGRESSIVE;
				CLANG_WARN_UNREACHABLE_CODE = YES;
				CLANG_WARN__DUPLICATE_METHOD_MATCH = YES;
				CODE_SIGN_IDENTITY = "iPhone Developer";
				COPY_PHASE_STRIP = NO;
				DEBUG_INFORMATION_FORMAT = dwarf;
				ENABLE_STRICT_OBJC_MSGSEND = YES;
				ENABLE_TESTABILITY = YES;
				GCC_C_LANGUAGE_STANDARD = gnu11;
				GCC_DYNAMIC_NO_PIC = NO;
				GCC_NO_COMMON_BLOCKS = YES;
				GCC_OPTIMIZATION_LEVEL = 0;
				GCC_PREPROCESSOR_DEFINITIONS = (
					"DEBUG=1",
					"$(inherited)",
				);
				GCC_WARN_64_TO_32_BIT_CONVERSION = YES;
				GCC_WARN_ABOUT_RETURN_TYPE = YES_ERROR;
				GCC_WARN_UNDECLARED_SELECTOR = YES;
				GCC_WARN_UNINITIALIZED_AUTOS = YES_AGGRESSIVE;
				GCC_WARN_UNUSED_FUNCTION = YES;
				GCC_WARN_UNUSED_VARIABLE = YES;
				IPHONEOS_DEPLOYMENT_TARGET = 11.2;
				MTL_ENABLE_DEBUG_INFO = YES;
				ONLY_ACTIVE_ARCH = YES;
				SDKROOT = iphoneos;
				SWIFT_ACTIVE_COMPILATION_CONDITIONS = DEBUG;
				SWIFT_OPTIMIZATION_LEVEL = "-Onone";
			};
			name = Debug;
		};
		01DE6B601FF6304D00F45371 /* Release */ = {
			isa = XCBuildConfiguration;
			buildSettings = {
				ALWAYS_SEARCH_USER_PATHS = NO;
				CLANG_ANALYZER_NONNULL = YES;
				CLANG_ANALYZER_NUMBER_OBJECT_CONVERSION = YES_AGGRESSIVE;
				CLANG_CXX_LANGUAGE_STANDARD = "gnu++14";
				CLANG_CXX_LIBRARY = "libc++";
				CLANG_ENABLE_MODULES = YES;
				CLANG_ENABLE_OBJC_ARC = YES;
				CLANG_WARN_BLOCK_CAPTURE_AUTORELEASING = YES;
				CLANG_WARN_BOOL_CONVERSION = YES;
				CLANG_WARN_COMMA = YES;
				CLANG_WARN_CONSTANT_CONVERSION = YES;
				CLANG_WARN_DIRECT_OBJC_ISA_USAGE = YES_ERROR;
				CLANG_WARN_DOCUMENTATION_COMMENTS = YES;
				CLANG_WARN_EMPTY_BODY = YES;
				CLANG_WARN_ENUM_CONVERSION = YES;
				CLANG_WARN_INFINITE_RECURSION = YES;
				CLANG_WARN_INT_CONVERSION = YES;
				CLANG_WARN_NON_LITERAL_NULL_CONVERSION = YES;
				CLANG_WARN_OBJC_LITERAL_CONVERSION = YES;
				CLANG_WARN_OBJC_ROOT_CLASS = YES_ERROR;
				CLANG_WARN_RANGE_LOOP_ANALYSIS = YES;
				CLANG_WARN_STRICT_PROTOTYPES = YES;
				CLANG_WARN_SUSPICIOUS_MOVE = YES;
				CLANG_WARN_UNGUARDED_AVAILABILITY = YES_AGGRESSIVE;
				CLANG_WARN_UNREACHABLE_CODE = YES;
				CLANG_WARN__DUPLICATE_METHOD_MATCH = YES;
				CODE_SIGN_IDENTITY = "iPhone Developer";
				COPY_PHASE_STRIP = NO;
				DEBUG_INFORMATION_FORMAT = "dwarf-with-dsym";
				ENABLE_NS_ASSERTIONS = NO;
				ENABLE_STRICT_OBJC_MSGSEND = YES;
				GCC_C_LANGUAGE_STANDARD = gnu11;
				GCC_NO_COMMON_BLOCKS = YES;
				GCC_WARN_64_TO_32_BIT_CONVERSION = YES;
				GCC_WARN_ABOUT_RETURN_TYPE = YES_ERROR;
				GCC_WARN_UNDECLARED_SELECTOR = YES;
				GCC_WARN_UNINITIALIZED_AUTOS = YES_AGGRESSIVE;
				GCC_WARN_UNUSED_FUNCTION = YES;
				GCC_WARN_UNUSED_VARIABLE = YES;
				IPHONEOS_DEPLOYMENT_TARGET = 11.2;
				MTL_ENABLE_DEBUG_INFO = NO;
				SDKROOT = iphoneos;
				SWIFT_OPTIMIZATION_LEVEL = "-Owholemodule";
				VALIDATE_PRODUCT = YES;
			};
			name = Release;
		};
		01DE6B621FF6304D00F45371 /* Debug */ = {
			isa = XCBuildConfiguration;
			buildSettings = {
				ASSETCATALOG_COMPILER_APPICON_NAME = AppIcon;
				CODE_SIGN_STYLE = Automatic;
				INFOPLIST_FILE = AppThree/Info.plist;
				LD_RUNPATH_SEARCH_PATHS = "$(inherited) @executable_path/Frameworks";
				PRODUCT_BUNDLE_IDENTIFIER = com.Frank.AppThree;
				PRODUCT_NAME = "$(TARGET_NAME)";
				SWIFT_VERSION = 4.0;
				TARGETED_DEVICE_FAMILY = "1,2";
			};
			name = Debug;
		};
		01DE6B631FF6304D00F45371 /* Release */ = {
			isa = XCBuildConfiguration;
			buildSettings = {
				ASSETCATALOG_COMPILER_APPICON_NAME = AppIcon;
				CODE_SIGN_STYLE = Automatic;
				INFOPLIST_FILE = AppThree/Info.plist;
				LD_RUNPATH_SEARCH_PATHS = "$(inherited) @executable_path/Frameworks";
				PRODUCT_BUNDLE_IDENTIFIER = com.Frank.AppThree;
				PRODUCT_NAME = "$(TARGET_NAME)";
				SWIFT_VERSION = 4.0;
				TARGETED_DEVICE_FAMILY = "1,2";
			};
			name = Release;
		};
/* End XCBuildConfiguration section */

/* Begin XCConfigurationList section */
		01DE6B4A1FF6304C00F45371 /* Build configuration list for PBXProject "AppThree" */ = {
			isa = XCConfigurationList;
			buildConfigurations = (
				01DE6B5F1FF6304D00F45371 /* Debug */,
				01DE6B601FF6304D00F45371 /* Release */,
			);
			defaultConfigurationIsVisible = 0;
			defaultConfigurationName = Release;
		};
		01DE6B611FF6304D00F45371 /* Build configuration list for PBXNativeTarget "AppThree" */ = {
			isa = XCConfigurationList;
			buildConfigurations = (
				01DE6B621FF6304D00F45371 /* Debug */,
				01DE6B631FF6304D00F45371 /* Release */,
			);
			defaultConfigurationIsVisible = 0;
			defaultConfigurationName = Release;
		};
/* End XCConfigurationList section */
	};
	rootObject = 01DE6B471FF6304C00F45371 /* Project object */;
}
